# This file is automatically @generated by Cargo.
# It is not intended for manual editing.
[[package]]
name = "call-c-from-rust"
version = "0.1.0"

[[package]]
name = "call-rust-from-c"
version = "0.1.0"

[[package]]
name = "magic-sys"
version = "0.1.0"

[[package]]
name = "passing-arrays"
version = "0.1.0"

